<?xml version="1.0" encoding="utf-8"?>
<Project ToolsVersion="17.0" xmlns="http://schemas.microsoft.com/developer/msbuild/2003">
  <ItemGroup>
    <ClCompile Include="C:\Users\cools\Documents\GitHub\T9GamepadIME-cpp\tools\build_dict.cpp">
      <Filter>Source Files</Filter>
    </ClCompile>
  </ItemGroup>
  <ItemGroup>
    <CustomBuild Include="C:\Users\cools\Documents\GitHub\T9GamepadIME-cpp\CMakeLists.txt" />
  </ItemGroup>
  <ItemGroup>
    <Filter Include="Source Files">
      <UniqueIdentifier>{19D03403-A683-3858-8F0F-6CD77344AF68}</UniqueIdentifier>
    </Filter>
  </ItemGroup>
</Project>
