
Microsoft Visual Studio Solution File, Format Version 12.00
# Visual Studio Version 17
Project("{8BC9CEB8-8B4A-11D0-8D11-00A0C91BC942}") = "ALL_BUILD", "ALL_BUILD.vcxproj", "{5BD012CB-C891-35C5-9AF0-9F98992D7648}"
	ProjectSection(ProjectDependencies) = postProject
		{D248CEF1-7ECA-38B4-A6B9-67C68F249EB5} = {D248CEF1-7ECA-38B4-A6B9-67C68F249EB5}
		{DDBDC80A-54FC-30AB-B5A8-FE226F55E741} = {DDBDC80A-54FC-30AB-B5A8-FE226F55E741}
		{2585407E-4AE3-3B3C-BCA4-80D4BBD00CA6} = {2585407E-4AE3-3B3C-BCA4-80D4BBD00CA6}
		{D7FB86C3-3433-3FC2-9C4B-1589563DFF69} = {D7FB86C3-3433-3FC2-9C4B-1589563DFF69}
		{A811A201-2C90-360A-BF1B-A72FA4422B96} = {A811A201-2C90-360A-BF1B-A72FA4422B96}
	EndProjectSection
EndProject
Project("{8BC9CEB8-8B4A-11D0-8D11-00A0C91BC942}") = "RUN_TESTS", "RUN_TESTS.vcxproj", "{BC7B3225-2B5E-35BC-B8AC-B579A6B22442}"
	ProjectSection(ProjectDependencies) = postProject
		{D248CEF1-7ECA-38B4-A6B9-67C68F249EB5} = {D248CEF1-7ECA-38B4-A6B9-67C68F249EB5}
	EndProjectSection
EndProject
Project("{8BC9CEB8-8B4A-11D0-8D11-00A0C91BC942}") = "ZERO_CHECK", "ZERO_CHECK.vcxproj", "{D248CEF1-7ECA-38B4-A6B9-67C68F249EB5}"
	ProjectSection(ProjectDependencies) = postProject
	EndProjectSection
EndProject
Project("{8BC9CEB8-8B4A-11D0-8D11-00A0C91BC942}") = "dictbuilder_tool", "dictbuilder_tool.vcxproj", "{DDBDC80A-54FC-30AB-B5A8-FE226F55E741}"
	ProjectSection(ProjectDependencies) = postProject
		{D248CEF1-7ECA-38B4-A6B9-67C68F249EB5} = {D248CEF1-7ECA-38B4-A6B9-67C68F249EB5}
		{2585407E-4AE3-3B3C-BCA4-80D4BBD00CA6} = {2585407E-4AE3-3B3C-BCA4-80D4BBD00CA6}
	EndProjectSection
EndProject
Project("{8BC9CEB8-8B4A-11D0-8D11-00A0C91BC942}") = "googlepinyin", "googlepinyin.vcxproj", "{2585407E-4AE3-3B3C-BCA4-80D4BBD00CA6}"
	ProjectSection(ProjectDependencies) = postProject
		{D248CEF1-7ECA-38B4-A6B9-67C68F249EB5} = {D248CEF1-7ECA-38B4-A6B9-67C68F249EB5}
	EndProjectSection
EndProject
Project("{8BC9CEB8-8B4A-11D0-8D11-00A0C91BC942}") = "t9_tests", "t9_tests.vcxproj", "{D7FB86C3-3433-3FC2-9C4B-1589563DFF69}"
	ProjectSection(ProjectDependencies) = postProject
		{D248CEF1-7ECA-38B4-A6B9-67C68F249EB5} = {D248CEF1-7ECA-38B4-A6B9-67C68F249EB5}
	EndProjectSection
EndProject
Project("{8BC9CEB8-8B4A-11D0-8D11-00A0C91BC942}") = "t9ime", "t9ime.vcxproj", "{A811A201-2C90-360A-BF1B-A72FA4422B96}"
	ProjectSection(ProjectDependencies) = postProject
		{D248CEF1-7ECA-38B4-A6B9-67C68F249EB5} = {D248CEF1-7ECA-38B4-A6B9-67C68F249EB5}
		{2585407E-4AE3-3B3C-BCA4-80D4BBD00CA6} = {2585407E-4AE3-3B3C-BCA4-80D4BBD00CA6}
	EndProjectSection
EndProject
Global
	GlobalSection(SolutionConfigurationPlatforms) = preSolution
		Debug|x64 = Debug|x64
		Release|x64 = Release|x64
		MinSizeRel|x64 = MinSizeRel|x64
		RelWithDebInfo|x64 = RelWithDebInfo|x64
	EndGlobalSection
	GlobalSection(ProjectConfigurationPlatforms) = postSolution
		{5BD012CB-C891-35C5-9AF0-9F98992D7648}.Debug|x64.ActiveCfg = Debug|x64
		{5BD012CB-C891-35C5-9AF0-9F98992D7648}.Release|x64.ActiveCfg = Release|x64
		{5BD012CB-C891-35C5-9AF0-9F98992D7648}.MinSizeRel|x64.ActiveCfg = MinSizeRel|x64
		{5BD012CB-C891-35C5-9AF0-9F98992D7648}.RelWithDebInfo|x64.ActiveCfg = RelWithDebInfo|x64
		{BC7B3225-2B5E-35BC-B8AC-B579A6B22442}.Debug|x64.ActiveCfg = Debug|x64
		{BC7B3225-2B5E-35BC-B8AC-B579A6B22442}.Release|x64.ActiveCfg = Release|x64
		{BC7B3225-2B5E-35BC-B8AC-B579A6B22442}.MinSizeRel|x64.ActiveCfg = MinSizeRel|x64
		{BC7B3225-2B5E-35BC-B8AC-B579A6B22442}.RelWithDebInfo|x64.ActiveCfg = RelWithDebInfo|x64
		{D248CEF1-7ECA-38B4-A6B9-67C68F249EB5}.Debug|x64.ActiveCfg = Debug|x64
		{D248CEF1-7ECA-38B4-A6B9-67C68F249EB5}.Debug|x64.Build.0 = Debug|x64
		{D248CEF1-7ECA-38B4-A6B9-67C68F249EB5}.Release|x64.ActiveCfg = Release|x64
		{D248CEF1-7ECA-38B4-A6B9-67C68F249EB5}.Release|x64.Build.0 = Release|x64
		{D248CEF1-7ECA-38B4-A6B9-67C68F249EB5}.MinSizeRel|x64.ActiveCfg = MinSizeRel|x64
		{D248CEF1-7ECA-38B4-A6B9-67C68F249EB5}.MinSizeRel|x64.Build.0 = MinSizeRel|x64
		{D248CEF1-7ECA-38B4-A6B9-67C68F249EB5}.RelWithDebInfo|x64.ActiveCfg = RelWithDebInfo|x64
		{D248CEF1-7ECA-38B4-A6B9-67C68F249EB5}.RelWithDebInfo|x64.Build.0 = RelWithDebInfo|x64
		{DDBDC80A-54FC-30AB-B5A8-FE226F55E741}.Debug|x64.ActiveCfg = Debug|x64
		{DDBDC80A-54FC-30AB-B5A8-FE226F55E741}.Debug|x64.Build.0 = Debug|x64
		{DDBDC80A-54FC-30AB-B5A8-FE226F55E741}.Release|x64.ActiveCfg = Release|x64
		{DDBDC80A-54FC-30AB-B5A8-FE226F55E741}.Release|x64.Build.0 = Release|x64
		{DDBDC80A-54FC-30AB-B5A8-FE226F55E741}.MinSizeRel|x64.ActiveCfg = MinSizeRel|x64
		{DDBDC80A-54FC-30AB-B5A8-FE226F55E741}.MinSizeRel|x64.Build.0 = MinSizeRel|x64
		{DDBDC80A-54FC-30AB-B5A8-FE226F55E741}.RelWithDebInfo|x64.ActiveCfg = RelWithDebInfo|x64
		{DDBDC80A-54FC-30AB-B5A8-FE226F55E741}.RelWithDebInfo|x64.Build.0 = RelWithDebInfo|x64
		{2585407E-4AE3-3B3C-BCA4-80D4BBD00CA6}.Debug|x64.ActiveCfg = Debug|x64
		{2585407E-4AE3-3B3C-BCA4-80D4BBD00CA6}.Debug|x64.Build.0 = Debug|x64
		{2585407E-4AE3-3B3C-BCA4-80D4BBD00CA6}.Release|x64.ActiveCfg = Release|x64
		{2585407E-4AE3-3B3C-BCA4-80D4BBD00CA6}.Release|x64.Build.0 = Release|x64
		{2585407E-4AE3-3B3C-BCA4-80D4BBD00CA6}.MinSizeRel|x64.ActiveCfg = MinSizeRel|x64
		{2585407E-4AE3-3B3C-BCA4-80D4BBD00CA6}.MinSizeRel|x64.Build.0 = MinSizeRel|x64
		{2585407E-4AE3-3B3C-BCA4-80D4BBD00CA6}.RelWithDebInfo|x64.ActiveCfg = RelWithDebInfo|x64
		{2585407E-4AE3-3B3C-BCA4-80D4BBD00CA6}.RelWithDebInfo|x64.Build.0 = RelWithDebInfo|x64
		{D7FB86C3-3433-3FC2-9C4B-1589563DFF69}.Debug|x64.ActiveCfg = Debug|x64
		{D7FB86C3-3433-3FC2-9C4B-1589563DFF69}.Debug|x64.Build.0 = Debug|x64
		{D7FB86C3-3433-3FC2-9C4B-1589563DFF69}.Release|x64.ActiveCfg = Release|x64
		{D7FB86C3-3433-3FC2-9C4B-1589563DFF69}.Release|x64.Build.0 = Release|x64
		{D7FB86C3-3433-3FC2-9C4B-1589563DFF69}.MinSizeRel|x64.ActiveCfg = MinSizeRel|x64
		{D7FB86C3-3433-3FC2-9C4B-1589563DFF69}.MinSizeRel|x64.Build.0 = MinSizeRel|x64
		{D7FB86C3-3433-3FC2-9C4B-1589563DFF69}.RelWithDebInfo|x64.ActiveCfg = RelWithDebInfo|x64
		{D7FB86C3-3433-3FC2-9C4B-1589563DFF69}.RelWithDebInfo|x64.Build.0 = RelWithDebInfo|x64
		{A811A201-2C90-360A-BF1B-A72FA4422B96}.Debug|x64.ActiveCfg = Debug|x64
		{A811A201-2C90-360A-BF1B-A72FA4422B96}.Debug|x64.Build.0 = Debug|x64
		{A811A201-2C90-360A-BF1B-A72FA4422B96}.Release|x64.ActiveCfg = Release|x64
		{A811A201-2C90-360A-BF1B-A72FA4422B96}.Release|x64.Build.0 = Release|x64
		{A811A201-2C90-360A-BF1B-A72FA4422B96}.MinSizeRel|x64.ActiveCfg = MinSizeRel|x64
		{A811A201-2C90-360A-BF1B-A72FA4422B96}.MinSizeRel|x64.Build.0 = MinSizeRel|x64
		{A811A201-2C90-360A-BF1B-A72FA4422B96}.RelWithDebInfo|x64.ActiveCfg = RelWithDebInfo|x64
		{A811A201-2C90-360A-BF1B-A72FA4422B96}.RelWithDebInfo|x64.Build.0 = RelWithDebInfo|x64
	EndGlobalSection
	GlobalSection(ExtensibilityGlobals) = postSolution
		SolutionGuid = {DE456AD2-4719-3A3D-98C0-92DA6F0FCE5C}
	EndGlobalSection
	GlobalSection(ExtensibilityAddIns) = postSolution
	EndGlobalSection
EndGlobal
