<?xml version="1.0" encoding="utf-8"?>
<Project ToolsVersion="17.0" xmlns="http://schemas.microsoft.com/developer/msbuild/2003">
  <ItemGroup>
    <ClCompile Include="C:\Users\cools\Documents\GitHub\T9GamepadIME-cpp\src\main.cpp">
      <Filter>Source Files</Filter>
    </ClCompile>
    <ClCompile Include="C:\Users\cools\Documents\GitHub\T9GamepadIME-cpp\src\t9\t9_keymap.cpp">
      <Filter>Source Files</Filter>
    </ClCompile>
    <ClCompile Include="C:\Users\cools\Documents\GitHub\T9GamepadIME-cpp\src\t9\t9_engine.cpp">
      <Filter>Source Files</Filter>
    </ClCompile>
    <ClCompile Include="C:\Users\cools\Documents\GitHub\T9GamepadIME-cpp\src\t9\keypad.cpp">
      <Filter>Source Files</Filter>
    </ClCompile>
    <ClCompile Include="C:\Users\cools\Documents\GitHub\T9GamepadIME-cpp\src\ime\pinyin_ime.cpp">
      <Filter>Source Files</Filter>
    </ClCompile>
    <ClCompile Include="C:\Users\cools\Documents\GitHub\T9GamepadIME-cpp\src\gamepad\xinput_pad.cpp">
      <Filter>Source Files</Filter>
    </ClCompile>
    <ClCompile Include="C:\Users\cools\Documents\GitHub\T9GamepadIME-cpp\src\gamepad\stick.cpp">
      <Filter>Source Files</Filter>
    </ClCompile>
    <ClCompile Include="C:\Users\cools\Documents\GitHub\T9GamepadIME-cpp\src\app\config.cpp">
      <Filter>Source Files</Filter>
    </ClCompile>
    <ClCompile Include="C:\Users\cools\Documents\GitHub\T9GamepadIME-cpp\src\app\ime_controller.cpp">
      <Filter>Source Files</Filter>
    </ClCompile>
    <ClCompile Include="C:\Users\cools\Documents\GitHub\T9GamepadIME-cpp\src\app\text_injector.cpp">
      <Filter>Source Files</Filter>
    </ClCompile>
    <ClCompile Include="C:\Users\cools\Documents\GitHub\T9GamepadIME-cpp\src\ui\overlay.cpp">
      <Filter>Source Files</Filter>
    </ClCompile>
  </ItemGroup>
  <ItemGroup>
    <CustomBuild Include="C:\Users\cools\Documents\GitHub\T9GamepadIME-cpp\CMakeLists.txt" />
  </ItemGroup>
  <ItemGroup>
    <Filter Include="Source Files">
      <UniqueIdentifier>{19D03403-A683-3858-8F0F-6CD77344AF68}</UniqueIdentifier>
    </Filter>
  </ItemGroup>
</Project>
